
Microsoft Visual Studio Solution File, Format Version 12.00
# Visual Studio Version 17
VisualStudioVersion = 17.11.35222.181
MinimumVisualStudioVersion = 10.0.40219.1
Project("{FAE04EC0-301F-11D3-BF4B-00C04F79EFBC}") = "Atividade", "Atividade\Atividade.csproj", "{08604475-0AA7-4FB2-AFD0-F2DDDD730B2B}"
EndProject
Global
	GlobalSection(SolutionConfigurationPlatforms) = preSolution
		Debug|Any CPU = Debug|Any CPU
		Release|Any CPU = Release|Any CPU
	EndGlobalSection
	GlobalSection(ProjectConfigurationPlatforms) = postSolution
		{08604475-0AA7-4FB2-AFD0-F2DDDD730B2B}.Debug|Any CPU.ActiveCfg = Debug|Any CPU
		{08604475-0AA7-4FB2-AFD0-F2DDDD730B2B}.Debug|Any CPU.Build.0 = Debug|Any CPU
		{08604475-0AA7-4FB2-AFD0-F2DDDD730B2B}.Release|Any CPU.ActiveCfg = Release|Any CPU
		{08604475-0AA7-4FB2-AFD0-F2DDDD730B2B}.Release|Any CPU.Build.0 = Release|Any CPU
	EndGlobalSection
	GlobalSection(SolutionProperties) = preSolution
		HideSolutionNode = FALSE
	EndGlobalSection
	GlobalSection(ExtensibilityGlobals) = postSolution
		SolutionGuid = {74366BC2-BB3D-46C8-9AE5-3D54FEC43501}
	EndGlobalSection
EndGlobal
